// !$*UTF8*$!
{
	archiveVersion = 1;
	classes = {
	};
	objectVersion = 50;
	objects = {

/* Begin PBXBuildFile section */
		3146497F232FD0830012F31B /* AppDelegate.m in Sources */ = {isa = PBXBuildFile; fileRef = 3146497E232FD0830012F31B /* AppDelegate.m */; };
		31464982232FD0830012F31B /* ViewController.m in Sources */ = {isa = PBXBuildFile; fileRef = 31464981232FD0830012F31B /* ViewController.m */; };
		31464985232FD0830012F31B /* Main.storyboard in Resources */ = {isa = PBXBuildFile; fileRef = 31464983232FD0830012F31B /* Main.storyboard */; };
		31464987232FD0840012F31B /* Assets.xcassets in Resources */ = {isa = PBXBuildFile; fileRef = 31464986232FD0840012F31B /* Assets.xcassets */; };
		3146498A232FD0840012F31B /* LaunchScreen.storyboard in Resources */ = {isa = PBXBuildFile; fileRef = 31464988232FD0840012F31B /* LaunchScreen.storyboard */; };
		3146498D232FD0840012F31B /* main.m in Sources */ = {isa = PBXBuildFile; fileRef = 3146498C232FD0840012F31B /* main.m */; };
		3146499D232FD27D0012F31B /* AttributeOneViewController.m in Sources */ = {isa = PBXBuildFile; fileRef = 3146499C232FD27D0012F31B /* AttributeOneViewController.m */; };
		314649A0232FD28A0012F31B /* AttributeTwoViewController.m in Sources */ = {isa = PBXBuildFile; fileRef = 3146499F232FD28A0012F31B /* AttributeTwoViewController.m */; };
		314649A7232FD3D10012F31B /* MainViewController.m in Sources */ = {isa = PBXBuildFile; fileRef = 314649A6232FD3D10012F31B /* MainViewController.m */; };
		314649AC232FE1830012F31B /* InstanceOneViewController.m in Sources */ = {isa = PBXBuildFile; fileRef = 314649AB232FE1830012F31B /* InstanceOneViewController.m */; };
		314649AF232FE18F0012F31B /* InstanceTwoViewController.m in Sources */ = {isa = PBXBuildFile; fileRef = 314649AE232FE18F0012F31B /* InstanceTwoViewController.m */; };
		314649B2232FE2350012F31B /* ShareInstance.m in Sources */ = {isa = PBXBuildFile; fileRef = 314649B1232FE2350012F31B /* ShareInstance.m */; };
		314649B8232FE7080012F31B /* UserDefaultsOneViewController.m in Sources */ = {isa = PBXBuildFile; fileRef = 314649B5232FE7080012F31B /* UserDefaultsOneViewController.m */; };
		314649B9232FE7080012F31B /* UserDefaultsTwoViewController.m in Sources */ = {isa = PBXBuildFile; fileRef = 314649B7232FE7080012F31B /* UserDefaultsTwoViewController.m */; };
		314649C52330FF610012F31B /* DelegateOneViewController.m in Sources */ = {isa = PBXBuildFile; fileRef = 314649C12330FF610012F31B /* DelegateOneViewController.m */; };
		314649C62330FF610012F31B /* DelegateTwoViewController.m in Sources */ = {isa = PBXBuildFile; fileRef = 314649C42330FF610012F31B /* DelegateTwoViewController.m */; };
		314649CC233105BD0012F31B /* BlockOneViewController.m in Sources */ = {isa = PBXBuildFile; fileRef = 314649C9233105BD0012F31B /* BlockOneViewController.m */; };
		314649CD233105BD0012F31B /* BlockTwoViewController.m in Sources */ = {isa = PBXBuildFile; fileRef = 314649CB233105BD0012F31B /* BlockTwoViewController.m */; };
		314649D3233109770012F31B /* NotificationTwoViewController.m in Sources */ = {isa = PBXBuildFile; fileRef = 314649CF233109770012F31B /* NotificationTwoViewController.m */; };
		314649D4233109770012F31B /* NotificationOneViewController.m in Sources */ = {isa = PBXBuildFile; fileRef = 314649D2233109770012F31B /* NotificationOneViewController.m */; };
/* End PBXBuildFile section */

/* Begin PBXFileReference section */
		3146497A232FD0830012F31B /* PassValueDemo.app */ = {isa = PBXFileReference; explicitFileType = wrapper.application; includeInIndex = 0; path = PassValueDemo.app; sourceTree = BUILT_PRODUCTS_DIR; };
		3146497D232FD0830012F31B /* AppDelegate.h */ = {isa = PBXFileReference; lastKnownFileType = sourcecode.c.h; path = AppDelegate.h; sourceTree = "<group>"; };
		3146497E232FD0830012F31B /* AppDelegate.m */ = {isa = PBXFileReference; lastKnownFileType = sourcecode.c.objc; path = AppDelegate.m; sourceTree = "<group>"; };
		31464980232FD0830012F31B /* ViewController.h */ = {isa = PBXFileReference; lastKnownFileType = sourcecode.c.h; path = ViewController.h; sourceTree = "<group>"; };
		31464981232FD0830012F31B /* ViewController.m */ = {isa = PBXFileReference; lastKnownFileType = sourcecode.c.objc; path = ViewController.m; sourceTree = "<group>"; };
		31464984232FD0830012F31B /* Base */ = {isa = PBXFileReference; lastKnownFileType = file.storyboard; name = Base; path = Base.lproj/Main.storyboard; sourceTree = "<group>"; };
		31464986232FD0840012F31B /* Assets.xcassets */ = {isa = PBXFileReference; lastKnownFileType = folder.assetcatalog; path = Assets.xcassets; sourceTree = "<group>"; };
		31464989232FD0840012F31B /* Base */ = {isa = PBXFileReference; lastKnownFileType = file.storyboard; name = Base; path = Base.lproj/LaunchScreen.storyboard; sourceTree = "<group>"; };
		3146498B232FD0840012F31B /* Info.plist */ = {isa = PBXFileReference; lastKnownFileType = text.plist.xml; path = Info.plist; sourceTree = "<group>"; };
		3146498C232FD0840012F31B /* main.m */ = {isa = PBXFileReference; lastKnownFileType = sourcecode.c.objc; path = main.m; sourceTree = "<group>"; };
		3146499B232FD27D0012F31B /* AttributeOneViewController.h */ = {isa = PBXFileReference; lastKnownFileType = sourcecode.c.h; path = AttributeOneViewController.h; sourceTree = "<group>"; };
		3146499C232FD27D0012F31B /* AttributeOneViewController.m */ = {isa = PBXFileReference; lastKnownFileType = sourcecode.c.objc; path = AttributeOneViewController.m; sourceTree = "<group>"; };
		3146499E232FD28A0012F31B /* AttributeTwoViewController.h */ = {isa = PBXFileReference; lastKnownFileType = sourcecode.c.h; path = AttributeTwoViewController.h; sourceTree = "<group>"; };
		3146499F232FD28A0012F31B /* AttributeTwoViewController.m */ = {isa = PBXFileReference; lastKnownFileType = sourcecode.c.objc; path = AttributeTwoViewController.m; sourceTree = "<group>"; };
		314649A5232FD3D10012F31B /* MainViewController.h */ = {isa = PBXFileReference; lastKnownFileType = sourcecode.c.h; path = MainViewController.h; sourceTree = "<group>"; };
		314649A6232FD3D10012F31B /* MainViewController.m */ = {isa = PBXFileReference; lastKnownFileType = sourcecode.c.objc; path = MainViewController.m; sourceTree = "<group>"; };
		314649AA232FE1830012F31B /* InstanceOneViewController.h */ = {isa = PBXFileReference; lastKnownFileType = sourcecode.c.h; path = InstanceOneViewController.h; sourceTree = "<group>"; };
		314649AB232FE1830012F31B /* InstanceOneViewController.m */ = {isa = PBXFileReference; lastKnownFileType = sourcecode.c.objc; path = InstanceOneViewController.m; sourceTree = "<group>"; };
		314649AD232FE18F0012F31B /* InstanceTwoViewController.h */ = {isa = PBXFileReference; lastKnownFileType = sourcecode.c.h; path = InstanceTwoViewController.h; sourceTree = "<group>"; };
		314649AE232FE18F0012F31B /* InstanceTwoViewController.m */ = {isa = PBXFileReference; lastKnownFileType = sourcecode.c.objc; path = InstanceTwoViewController.m; sourceTree = "<group>"; };
		314649B0232FE2350012F31B /* ShareInstance.h */ = {isa = PBXFileReference; lastKnownFileType = sourcecode.c.h; path = ShareInstance.h; sourceTree = "<group>"; };
		314649B1232FE2350012F31B /* ShareInstance.m */ = {isa = PBXFileReference; lastKnownFileType = sourcecode.c.objc; path = ShareInstance.m; sourceTree = "<group>"; };
		314649B4232FE7080012F31B /* UserDefaultsOneViewController.h */ = {isa = PBXFileReference; fileEncoding = 4; lastKnownFileType = sourcecode.c.h; path = UserDefaultsOneViewController.h; sourceTree = "<group>"; };
		314649B5232FE7080012F31B /* UserDefaultsOneViewController.m */ = {isa = PBXFileReference; fileEncoding = 4; lastKnownFileType = sourcecode.c.objc; path = UserDefaultsOneViewController.m; sourceTree = "<group>"; };
		314649B6232FE7080012F31B /* UserDefaultsTwoViewController.h */ = {isa = PBXFileReference; fileEncoding = 4; lastKnownFileType = sourcecode.c.h; path = UserDefaultsTwoViewController.h; sourceTree = "<group>"; };
		314649B7232FE7080012F31B /* UserDefaultsTwoViewController.m */ = {isa = PBXFileReference; fileEncoding = 4; lastKnownFileType = sourcecode.c.objc; path = UserDefaultsTwoViewController.m; sourceTree = "<group>"; };
		314649C12330FF610012F31B /* DelegateOneViewController.m */ = {isa = PBXFileReference; fileEncoding = 4; lastKnownFileType = sourcecode.c.objc; path = DelegateOneViewController.m; sourceTree = "<group>"; };
		314649C22330FF610012F31B /* DelegateOneViewController.h */ = {isa = PBXFileReference; fileEncoding = 4; lastKnownFileType = sourcecode.c.h; path = DelegateOneViewController.h; sourceTree = "<group>"; };
		314649C32330FF610012F31B /* DelegateTwoViewController.h */ = {isa = PBXFileReference; fileEncoding = 4; lastKnownFileType = sourcecode.c.h; path = DelegateTwoViewController.h; sourceTree = "<group>"; };
		314649C42330FF610012F31B /* DelegateTwoViewController.m */ = {isa = PBXFileReference; fileEncoding = 4; lastKnownFileType = sourcecode.c.objc; path = DelegateTwoViewController.m; sourceTree = "<group>"; };
		314649C8233105BD0012F31B /* BlockOneViewController.h */ = {isa = PBXFileReference; fileEncoding = 4; lastKnownFileType = sourcecode.c.h; path = BlockOneViewController.h; sourceTree = "<group>"; };
		314649C9233105BD0012F31B /* BlockOneViewController.m */ = {isa = PBXFileReference; fileEncoding = 4; lastKnownFileType = sourcecode.c.objc; path = BlockOneViewController.m; sourceTree = "<group>"; };
		314649CA233105BD0012F31B /* BlockTwoViewController.h */ = {isa = PBXFileReference; fileEncoding = 4; lastKnownFileType = sourcecode.c.h; path = BlockTwoViewController.h; sourceTree = "<group>"; };
		314649CB233105BD0012F31B /* BlockTwoViewController.m */ = {isa = PBXFileReference; fileEncoding = 4; lastKnownFileType = sourcecode.c.objc; path = BlockTwoViewController.m; sourceTree = "<group>"; };
		314649CF233109770012F31B /* NotificationTwoViewController.m */ = {isa = PBXFileReference; fileEncoding = 4; lastKnownFileType = sourcecode.c.objc; path = NotificationTwoViewController.m; sourceTree = "<group>"; };
		314649D0233109770012F31B /* NotificationTwoViewController.h */ = {isa = PBXFileReference; fileEncoding = 4; lastKnownFileType = sourcecode.c.h; path = NotificationTwoViewController.h; sourceTree = "<group>"; };
		314649D1233109770012F31B /* NotificationOneViewController.h */ = {isa = PBXFileReference; fileEncoding = 4; lastKnownFileType = sourcecode.c.h; path = NotificationOneViewController.h; sourceTree = "<group>"; };
		314649D2233109770012F31B /* NotificationOneViewController.m */ = {isa = PBXFileReference; fileEncoding = 4; lastKnownFileType = sourcecode.c.objc; path = NotificationOneViewController.m; sourceTree = "<group>"; };
/* End PBXFileReference section */

/* Begin PBXFrameworksBuildPhase section */
		31464977232FD0830012F31B /* Frameworks */ = {
			isa = PBXFrameworksBuildPhase;
			buildActionMask = 2147483647;
			files = (
			);
			runOnlyForDeploymentPostprocessing = 0;
		};
/* End PBXFrameworksBuildPhase section */

/* Begin PBXGroup section */
		31464971232FD0830012F31B = {
			isa = PBXGroup;
			children = (
				3146497C232FD0830012F31B /* PassValueDemo */,
				3146497B232FD0830012F31B /* Products */,
			);
			sourceTree = "<group>";
		};
		3146497B232FD0830012F31B /* Products */ = {
			isa = PBXGroup;
			children = (
				3146497A232FD0830012F31B /* PassValueDemo.app */,
			);
			name = Products;
			sourceTree = "<group>";
		};
		3146497C232FD0830012F31B /* PassValueDemo */ = {
			isa = PBXGroup;
			children = (
				31464995232FD2060012F31B /* Class */,
				31464994232FD1B50012F31B /* Resource */,
				3146497D232FD0830012F31B /* AppDelegate.h */,
				3146497E232FD0830012F31B /* AppDelegate.m */,
			);
			path = PassValueDemo;
			sourceTree = "<group>";
		};
		31464993232FD1A30012F31B /* Useless */ = {
			isa = PBXGroup;
			children = (
				3146498C232FD0840012F31B /* main.m */,
				31464980232FD0830012F31B /* ViewController.h */,
				31464981232FD0830012F31B /* ViewController.m */,
				31464983232FD0830012F31B /* Main.storyboard */,
				31464988232FD0840012F31B /* LaunchScreen.storyboard */,
			);
			path = Useless;
			sourceTree = "<group>";
		};
		31464994232FD1B50012F31B /* Resource */ = {
			isa = PBXGroup;
			children = (
				31464986232FD0840012F31B /* Assets.xcassets */,
				3146498B232FD0840012F31B /* Info.plist */,
				31464993232FD1A30012F31B /* Useless */,
			);
			path = Resource;
			sourceTree = "<group>";
		};
		31464995232FD2060012F31B /* Class */ = {
			isa = PBXGroup;
			children = (
				31464996232FD20E0012F31B /* Module */,
			);
			path = Class;
			sourceTree = "<group>";
		};
		31464996232FD20E0012F31B /* Module */ = {
			isa = PBXGroup;
			children = (
				314649CE233109590012F31B /* Notify */,
				314649C72331049B0012F31B /* Block */,
				314649C02330FDA40012F31B /* Delegate */,
				314649B3232FE6C20012F31B /* UserDefaults */,
				314649A9232FE1390012F31B /* Instance */,
				314649A1232FD3510012F31B /* Main */,
				31464997232FD2210012F31B /* Attriubute */,
			);
			path = Module;
			sourceTree = "<group>";
		};
		31464997232FD2210012F31B /* Attriubute */ = {
			isa = PBXGroup;
			children = (
				3146499B232FD27D0012F31B /* AttributeOneViewController.h */,
				3146499C232FD27D0012F31B /* AttributeOneViewController.m */,
				3146499E232FD28A0012F31B /* AttributeTwoViewController.h */,
				3146499F232FD28A0012F31B /* AttributeTwoViewController.m */,
			);
			path = Attriubute;
			sourceTree = "<group>";
		};
		314649A1232FD3510012F31B /* Main */ = {
			isa = PBXGroup;
			children = (
				314649A5232FD3D10012F31B /* MainViewController.h */,
				314649A6232FD3D10012F31B /* MainViewController.m */,
			);
			path = Main;
			sourceTree = "<group>";
		};
		314649A9232FE1390012F31B /* Instance */ = {
			isa = PBXGroup;
			children = (
				314649AA232FE1830012F31B /* InstanceOneViewController.h */,
				314649AB232FE1830012F31B /* InstanceOneViewController.m */,
				314649AD232FE18F0012F31B /* InstanceTwoViewController.h */,
				314649AE232FE18F0012F31B /* InstanceTwoViewController.m */,
				314649B0232FE2350012F31B /* ShareInstance.h */,
				314649B1232FE2350012F31B /* ShareInstance.m */,
			);
			path = Instance;
			sourceTree = "<group>";
		};
		314649B3232FE6C20012F31B /* UserDefaults */ = {
			isa = PBXGroup;
			children = (
				314649B4232FE7080012F31B /* UserDefaultsOneViewController.h */,
				314649B5232FE7080012F31B /* UserDefaultsOneViewController.m */,
				314649B6232FE7080012F31B /* UserDefaultsTwoViewController.h */,
				314649B7232FE7080012F31B /* UserDefaultsTwoViewController.m */,
			);
			path = UserDefaults;
			sourceTree = "<group>";
		};
		314649C02330FDA40012F31B /* Delegate */ = {
			isa = PBXGroup;
			children = (
				314649C22330FF610012F31B /* DelegateOneViewController.h */,
				314649C12330FF610012F31B /* DelegateOneViewController.m */,
				314649C32330FF610012F31B /* DelegateTwoViewController.h */,
				314649C42330FF610012F31B /* DelegateTwoViewController.m */,
			);
			path = Delegate;
			sourceTree = "<group>";
		};
		314649C72331049B0012F31B /* Block */ = {
			isa = PBXGroup;
			children = (
				314649C8233105BD0012F31B /* BlockOneViewController.h */,
				314649C9233105BD0012F31B /* BlockOneViewController.m */,
				314649CA233105BD0012F31B /* BlockTwoViewController.h */,
				314649CB233105BD0012F31B /* BlockTwoViewController.m */,
			);
			path = Block;
			sourceTree = "<group>";
		};
		314649CE233109590012F31B /* Notify */ = {
			isa = PBXGroup;
			children = (
				314649D1233109770012F31B /* NotificationOneViewController.h */,
				314649D2233109770012F31B /* NotificationOneViewController.m */,
				314649D0233109770012F31B /* NotificationTwoViewController.h */,
				314649CF233109770012F31B /* NotificationTwoViewController.m */,
			);
			path = Notify;
			sourceTree = "<group>";
		};
/* End PBXGroup section */

/* Begin PBXNativeTarget section */
		31464979232FD0830012F31B /* PassValueDemo */ = {
			isa = PBXNativeTarget;
			buildConfigurationList = 31464990232FD0840012F31B /* Build configuration list for PBXNativeTarget "PassValueDemo" */;
			buildPhases = (
				31464976232FD0830012F31B /* Sources */,
				31464977232FD0830012F31B /* Frameworks */,
				31464978232FD0830012F31B /* Resources */,
			);
			buildRules = (
			);
			dependencies = (
			);
			name = PassValueDemo;
			productName = PassValueDemo;
			productReference = 3146497A232FD0830012F31B /* PassValueDemo.app */;
			productType = "com.apple.product-type.application";
		};
/* End PBXNativeTarget section */

/* Begin PBXProject section */
		31464972232FD0830012F31B /* Project object */ = {
			isa = PBXProject;
			attributes = {
				LastUpgradeCheck = 1020;
				ORGANIZATIONNAME = LXL;
				TargetAttributes = {
					31464979232FD0830012F31B = {
						CreatedOnToolsVersion = 10.2.1;
					};
				};
			};
			buildConfigurationList = 31464975232FD0830012F31B /* Build configuration list for PBXProject "PassValueDemo" */;
			compatibilityVersion = "Xcode 9.3";
			developmentRegion = en;
			hasScannedForEncodings = 0;
			knownRegions = (
				en,
				Base,
			);
			mainGroup = 31464971232FD0830012F31B;
			productRefGroup = 3146497B232FD0830012F31B /* Products */;
			projectDirPath = "";
			projectRoot = "";
			targets = (
				31464979232FD0830012F31B /* PassValueDemo */,
			);
		};
/* End PBXProject section */

/* Begin PBXResourcesBuildPhase section */
		31464978232FD0830012F31B /* Resources */ = {
			isa = PBXResourcesBuildPhase;
			buildActionMask = 2147483647;
			files = (
				3146498A232FD0840012F31B /* LaunchScreen.storyboard in Resources */,
				31464987232FD0840012F31B /* Assets.xcassets in Resources */,
				31464985232FD0830012F31B /* Main.storyboard in Resources */,
			);
			runOnlyForDeploymentPostprocessing = 0;
		};
/* End PBXResourcesBuildPhase section */

/* Begin PBXSourcesBuildPhase section */
		31464976232FD0830012F31B /* Sources */ = {
			isa = PBXSourcesBuildPhase;
			buildActionMask = 2147483647;
			files = (
				314649B9232FE7080012F31B /* UserDefaultsTwoViewController.m in Sources */,
				314649CD233105BD0012F31B /* BlockTwoViewController.m in Sources */,
				3146499D232FD27D0012F31B /* AttributeOneViewController.m in Sources */,
				314649C52330FF610012F31B /* DelegateOneViewController.m in Sources */,
				314649D3233109770012F31B /* NotificationTwoViewController.m in Sources */,
				314649A0232FD28A0012F31B /* AttributeTwoViewController.m in Sources */,
				314649CC233105BD0012F31B /* BlockOneViewController.m in Sources */,
				31464982232FD0830012F31B /* ViewController.m in Sources */,
				314649AC232FE1830012F31B /* InstanceOneViewController.m in Sources */,
				314649B8232FE7080012F31B /* UserDefaultsOneViewController.m in Sources */,
				314649AF232FE18F0012F31B /* InstanceTwoViewController.m in Sources */,
				314649C62330FF610012F31B /* DelegateTwoViewController.m in Sources */,
				314649A7232FD3D10012F31B /* MainViewController.m in Sources */,
				3146498D232FD0840012F31B /* main.m in Sources */,
				314649B2232FE2350012F31B /* ShareInstance.m in Sources */,
				314649D4233109770012F31B /* NotificationOneViewController.m in Sources */,
				3146497F232FD0830012F31B /* AppDelegate.m in Sources */,
			);
			runOnlyForDeploymentPostprocessing = 0;
		};
/* End PBXSourcesBuildPhase section */

/* Begin PBXVariantGroup section */
		31464983232FD0830012F31B /* Main.storyboard */ = {
			isa = PBXVariantGroup;
			children = (
				31464984232FD0830012F31B /* Base */,
			);
			name = Main.storyboard;
			sourceTree = "<group>";
		};
		31464988232FD0840012F31B /* LaunchScreen.storyboard */ = {
			isa = PBXVariantGroup;
			children = (
				31464989232FD0840012F31B /* Base */,
			);
			name = LaunchScreen.storyboard;
			sourceTree = "<group>";
		};
/* End PBXVariantGroup section */

/* Begin XCBuildConfiguration section */
		3146498E232FD0840012F31B /* Debug */ = {
			isa = XCBuildConfiguration;
			buildSettings = {
				ALWAYS_SEARCH_USER_PATHS = NO;
				CLANG_ANALYZER_NONNULL = YES;
				CLANG_ANALYZER_NUMBER_OBJECT_CONVERSION = YES_AGGRESSIVE;
				CLANG_CXX_LANGUAGE_STANDARD = "gnu++14";
				CLANG_CXX_LIBRARY = "libc++";
				CLANG_ENABLE_MODULES = YES;
				CLANG_ENABLE_OBJC_ARC = YES;
				CLANG_ENABLE_OBJC_WEAK = YES;
				CLANG_WARN_BLOCK_CAPTURE_AUTORELEASING = YES;
				CLANG_WARN_BOOL_CONVERSION = YES;
				CLANG_WARN_COMMA = YES;
				CLANG_WARN_CONSTANT_CONVERSION = YES;
				CLANG_WARN_DEPRECATED_OBJC_IMPLEMENTATIONS = YES;
				CLANG_WARN_DIRECT_OBJC_ISA_USAGE = YES_ERROR;
				CLANG_WARN_DOCUMENTATION_COMMENTS = YES;
				CLANG_WARN_EMPTY_BODY = YES;
				CLANG_WARN_ENUM_CONVERSION = YES;
				CLANG_WARN_INFINITE_RECURSION = YES;
				CLANG_WARN_INT_CONVERSION = YES;
				CLANG_WARN_NON_LITERAL_NULL_CONVERSION = YES;
				CLANG_WARN_OBJC_IMPLICIT_RETAIN_SELF = YES;
				CLANG_WARN_OBJC_LITERAL_CONVERSION = YES;
				CLANG_WARN_OBJC_ROOT_CLASS = YES_ERROR;
				CLANG_WARN_RANGE_LOOP_ANALYSIS = YES;
				CLANG_WARN_STRICT_PROTOTYPES = YES;
				CLANG_WARN_SUSPICIOUS_MOVE = YES;
				CLANG_WARN_UNGUARDED_AVAILABILITY = YES_AGGRESSIVE;
				CLANG_WARN_UNREACHABLE_CODE = YES;
				CLANG_WARN__DUPLICATE_METHOD_MATCH = YES;
				CODE_SIGN_IDENTITY = "iPhone Developer";
				COPY_PHASE_STRIP = NO;
				DEBUG_INFORMATION_FORMAT = dwarf;
				ENABLE_STRICT_OBJC_MSGSEND = YES;
				ENABLE_TESTABILITY = YES;
				GCC_C_LANGUAGE_STANDARD = gnu11;
				GCC_DYNAMIC_NO_PIC = NO;
				GCC_NO_COMMON_BLOCKS = YES;
				GCC_OPTIMIZATION_LEVEL = 0;
				GCC_PREPROCESSOR_DEFINITIONS = (
					"DEBUG=1",
					"$(inherited)",
				);
				GCC_WARN_64_TO_32_BIT_CONVERSION = YES;
				GCC_WARN_ABOUT_RETURN_TYPE = YES_ERROR;
				GCC_WARN_UNDECLARED_SELECTOR = YES;
				GCC_WARN_UNINITIALIZED_AUTOS = YES_AGGRESSIVE;
				GCC_WARN_UNUSED_FUNCTION = YES;
				GCC_WARN_UNUSED_VARIABLE = YES;
				IPHONEOS_DEPLOYMENT_TARGET = 12.2;
				MTL_ENABLE_DEBUG_INFO = INCLUDE_SOURCE;
				MTL_FAST_MATH = YES;
				ONLY_ACTIVE_ARCH = YES;
				SDKROOT = iphoneos;
			};
			name = Debug;
		};
		3146498F232FD0840012F31B /* Release */ = {
			isa = XCBuildConfiguration;
			buildSettings = {
				ALWAYS_SEARCH_USER_PATHS = NO;
				CLANG_ANALYZER_NONNULL = YES;
				CLANG_ANALYZER_NUMBER_OBJECT_CONVERSION = YES_AGGRESSIVE;
				CLANG_CXX_LANGUAGE_STANDARD = "gnu++14";
				CLANG_CXX_LIBRARY = "libc++";
				CLANG_ENABLE_MODULES = YES;
				CLANG_ENABLE_OBJC_ARC = YES;
				CLANG_ENABLE_OBJC_WEAK = YES;
				CLANG_WARN_BLOCK_CAPTURE_AUTORELEASING = YES;
				CLANG_WARN_BOOL_CONVERSION = YES;
				CLANG_WARN_COMMA = YES;
				CLANG_WARN_CONSTANT_CONVERSION = YES;
				CLANG_WARN_DEPRECATED_OBJC_IMPLEMENTATIONS = YES;
				CLANG_WARN_DIRECT_OBJC_ISA_USAGE = YES_ERROR;
				CLANG_WARN_DOCUMENTATION_COMMENTS = YES;
				CLANG_WARN_EMPTY_BODY = YES;
				CLANG_WARN_ENUM_CONVERSION = YES;
				CLANG_WARN_INFINITE_RECURSION = YES;
				CLANG_WARN_INT_CONVERSION = YES;
				CLANG_WARN_NON_LITERAL_NULL_CONVERSION = YES;
				CLANG_WARN_OBJC_IMPLICIT_RETAIN_SELF = YES;
				CLANG_WARN_OBJC_LITERAL_CONVERSION = YES;
				CLANG_WARN_OBJC_ROOT_CLASS = YES_ERROR;
				CLANG_WARN_RANGE_LOOP_ANALYSIS = YES;
				CLANG_WARN_STRICT_PROTOTYPES = YES;
				CLANG_WARN_SUSPICIOUS_MOVE = YES;
				CLANG_WARN_UNGUARDED_AVAILABILITY = YES_AGGRESSIVE;
				CLANG_WARN_UNREACHABLE_CODE = YES;
				CLANG_WARN__DUPLICATE_METHOD_MATCH = YES;
				CODE_SIGN_IDENTITY = "iPhone Developer";
				COPY_PHASE_STRIP = NO;
				DEBUG_INFORMATION_FORMAT = "dwarf-with-dsym";
				ENABLE_NS_ASSERTIONS = NO;
				ENABLE_STRICT_OBJC_MSGSEND = YES;
				GCC_C_LANGUAGE_STANDARD = gnu11;
				GCC_NO_COMMON_BLOCKS = YES;
				GCC_WARN_64_TO_32_BIT_CONVERSION = YES;
				GCC_WARN_ABOUT_RETURN_TYPE = YES_ERROR;
				GCC_WARN_UNDECLARED_SELECTOR = YES;
				GCC_WARN_UNINITIALIZED_AUTOS = YES_AGGRESSIVE;
				GCC_WARN_UNUSED_FUNCTION = YES;
				GCC_WARN_UNUSED_VARIABLE = YES;
				IPHONEOS_DEPLOYMENT_TARGET = 12.2;
				MTL_ENABLE_DEBUG_INFO = NO;
				MTL_FAST_MATH = YES;
				SDKROOT = iphoneos;
				VALIDATE_PRODUCT = YES;
			};
			name = Release;
		};
		31464991232FD0840012F31B /* Debug */ = {
			isa = XCBuildConfiguration;
			buildSettings = {
				ASSETCATALOG_COMPILER_APPICON_NAME = AppIcon;
				CODE_SIGN_STYLE = Automatic;
				DEVELOPMENT_TEAM = 7CCDF6GGY6;
				INFOPLIST_FILE = "$(SRCROOT)/PassValueDemo/Resource/Info.plist";
				LD_RUNPATH_SEARCH_PATHS = (
					"$(inherited)",
					"@executable_path/Frameworks",
				);
				PRODUCT_BUNDLE_IDENTIFIER = com.lxl.UIPageController.PassValueDemo;
				PRODUCT_NAME = "$(TARGET_NAME)";
				TARGETED_DEVICE_FAMILY = "1,2";
			};
			name = Debug;
		};
		31464992232FD0840012F31B /* Release */ = {
			isa = XCBuildConfiguration;
			buildSettings = {
				ASSETCATALOG_COMPILER_APPICON_NAME = AppIcon;
				CODE_SIGN_STYLE = Automatic;
				DEVELOPMENT_TEAM = 7CCDF6GGY6;
				INFOPLIST_FILE = "$(SRCROOT)/PassValueDemo/Resource/Info.plist";
				LD_RUNPATH_SEARCH_PATHS = (
					"$(inherited)",
					"@executable_path/Frameworks",
				);
				PRODUCT_BUNDLE_IDENTIFIER = com.lxl.UIPageController.PassValueDemo;
				PRODUCT_NAME = "$(TARGET_NAME)";
				TARGETED_DEVICE_FAMILY = "1,2";
			};
			name = Release;
		};
/* End XCBuildConfiguration section */

/* Begin XCConfigurationList section */
		31464975232FD0830012F31B /* Build configuration list for PBXProject "PassValueDemo" */ = {
			isa = XCConfigurationList;
			buildConfigurations = (
				3146498E232FD0840012F31B /* Debug */,
				3146498F232FD0840012F31B /* Release */,
			);
			defaultConfigurationIsVisible = 0;
			defaultConfigurationName = Release;
		};
		31464990232FD0840012F31B /* Build configuration list for PBXNativeTarget "PassValueDemo" */ = {
			isa = XCConfigurationList;
			buildConfigurations = (
				31464991232FD0840012F31B /* Debug */,
				31464992232FD0840012F31B /* Release */,
			);
			defaultConfigurationIsVisible = 0;
			defaultConfigurationName = Release;
		};
/* End XCConfigurationList section */
	};
	rootObject = 31464972232FD0830012F31B /* Project object */;
}
